
Microsoft Visual Studio Solution File, Format Version 12.00
# Visual Studio Version 16
VisualStudioVersion = 16.0.29709.97
MinimumVisualStudioVersion = 10.0.40219.1
Project("{FAE04EC0-301F-11D3-BF4B-00C04F79EFBC}") = "Hotel_Dictionar_V2", "Hotel_Dictionar_V2\Hotel_Dictionar_V2.csproj", "{CA9CBA64-F0C8-41A7-A9EB-59F7282947AE}"
EndProject
Global
	GlobalSection(SolutionConfigurationPlatforms) = preSolution
		Debug|Any CPU = Debug|Any CPU
		Release|Any CPU = Release|Any CPU
	EndGlobalSection
	GlobalSection(ProjectConfigurationPlatforms) = postSolution
		{CA9CBA64-F0C8-41A7-A9EB-59F7282947AE}.Debug|Any CPU.ActiveCfg = Debug|Any CPU
		{CA9CBA64-F0C8-41A7-A9EB-59F7282947AE}.Debug|Any CPU.Build.0 = Debug|Any CPU
		{CA9CBA64-F0C8-41A7-A9EB-59F7282947AE}.Release|Any CPU.ActiveCfg = Release|Any CPU
		{CA9CBA64-F0C8-41A7-A9EB-59F7282947AE}.Release|Any CPU.Build.0 = Release|Any CPU
	EndGlobalSection
	GlobalSection(SolutionProperties) = preSolution
		HideSolutionNode = FALSE
	EndGlobalSection
	GlobalSection(ExtensibilityGlobals) = postSolution
		SolutionGuid = {DD62E1BC-34F5-47AD-8943-0672B11D5C1B}
	EndGlobalSection
EndGlobal
